
Microsoft Visual Studio Solution File, Format Version 12.00
# Visual Studio 14
VisualStudioVersion = 14.0.24720.0
MinimumVisualStudioVersion = 10.0.40219.1
Project("{FAE04EC0-301F-11D3-BF4B-00C04F79EFBC}") = "NotarialCompany", "NotarialCompany\NotarialCompany.csproj", "{46591425-DE98-46CF-96D1-C81B7848ACAF}"
EndProject
Project("{00D1A9C2-B5F0-4AF3-8072-F6C62B433612}") = "NotarialCompanyDatabase", "NotarialCompanyDatabase\NotarialCompanyDatabase.sqlproj", "{5CBB9677-BA2D-4E56-8353-9F45DB516502}"
EndProject
Global
	GlobalSection(SolutionConfigurationPlatforms) = preSolution
		Debug|Any CPU = Debug|Any CPU
		Release|Any CPU = Release|Any CPU
	EndGlobalSection
	GlobalSection(ProjectConfigurationPlatforms) = postSolution
		{46591425-DE98-46CF-96D1-C81B7848ACAF}.Debug|Any CPU.ActiveCfg = Debug|Any CPU
		{46591425-DE98-46CF-96D1-C81B7848ACAF}.Debug|Any CPU.Build.0 = Debug|Any CPU
		{46591425-DE98-46CF-96D1-C81B7848ACAF}.Release|Any CPU.ActiveCfg = Release|Any CPU
		{46591425-DE98-46CF-96D1-C81B7848ACAF}.Release|Any CPU.Build.0 = Release|Any CPU
		{5CBB9677-BA2D-4E56-8353-9F45DB516502}.Debug|Any CPU.ActiveCfg = Debug|Any CPU
		{5CBB9677-BA2D-4E56-8353-9F45DB516502}.Debug|Any CPU.Build.0 = Debug|Any CPU
		{5CBB9677-BA2D-4E56-8353-9F45DB516502}.Debug|Any CPU.Deploy.0 = Debug|Any CPU
		{5CBB9677-BA2D-4E56-8353-9F45DB516502}.Release|Any CPU.ActiveCfg = Release|Any CPU
		{5CBB9677-BA2D-4E56-8353-9F45DB516502}.Release|Any CPU.Build.0 = Release|Any CPU
		{5CBB9677-BA2D-4E56-8353-9F45DB516502}.Release|Any CPU.Deploy.0 = Release|Any CPU
	EndGlobalSection
	GlobalSection(SolutionProperties) = preSolution
		HideSolutionNode = FALSE
	EndGlobalSection
	GlobalSection(ExtensibilityGlobals) = postSolution
		EnterpriseLibraryConfigurationToolBinariesPath = packages\Unity.2.1.505.0\lib\NET35;packages\Unity.Interception.2.1.505.0\lib\NET35;packages\EnterpriseLibrary.Common.5.0.505.0\lib\NET35;packages\EnterpriseLibrary.Security.Cryptography.5.0.505.0\lib\NET35
	EndGlobalSection
EndGlobal
